
Microsoft Visual Studio Solution File, Format Version 12.00
# Visual Studio Version 17
VisualStudioVersion = 17.11.35327.3
MinimumVisualStudioVersion = 10.0.40219.1
Project("{FAE04EC0-301F-11D3-BF4B-00C04F79EFBC}") = "PERT_Analysis", "PERT_Analysis\PERT_Analysis.csproj", "{5C74A689-3E90-4B3B-AD23-C7729152BCA4}"
EndProject
Global
	GlobalSection(SolutionConfigurationPlatforms) = preSolution
		Debug|Any CPU = Debug|Any CPU
		Release|Any CPU = Release|Any CPU
	EndGlobalSection
	GlobalSection(ProjectConfigurationPlatforms) = postSolution
		{5C74A689-3E90-4B3B-AD23-C7729152BCA4}.Debug|Any CPU.ActiveCfg = Debug|Any CPU
		{5C74A689-3E90-4B3B-AD23-C7729152BCA4}.Debug|Any CPU.Build.0 = Debug|Any CPU
		{5C74A689-3E90-4B3B-AD23-C7729152BCA4}.Release|Any CPU.ActiveCfg = Release|Any CPU
		{5C74A689-3E90-4B3B-AD23-C7729152BCA4}.Release|Any CPU.Build.0 = Release|Any CPU
	EndGlobalSection
	GlobalSection(SolutionProperties) = preSolution
		HideSolutionNode = FALSE
	EndGlobalSection
	GlobalSection(ExtensibilityGlobals) = postSolution
		SolutionGuid = {18C8FF74-ECC9-49D4-B0EC-267E449173BC}
	EndGlobalSection
EndGlobal
